github.com/jpanther/congo/v2 v2.4.2 h1:c+WSf/9Mr+a/bR4w3YteHwnsS5eTWgkU0QC2Mqx9pjc=
github.com/jpanther/congo/v2 v2.4.2/go.mod h1:1S7DRoO1ZYS4YUdFd1LjTkdyjQwsjFWd8TqSfz3Jd+M=
github.com/jpanther/congo/v2 v2.5.0 h1:eAnZFSsY9C0buQmyRVtIR7WAl2sHZEn5LXYvwS7BsxI=
github.com/jpanther/congo/v2 v2.5.0/go.mod h1:1S7DRoO1ZYS4YUdFd1LjTkdyjQwsjFWd8TqSfz3Jd+M=
github.com/jpanther/congo/v2 v2.5.3 h1:E2VEXI/stDiAJFI3XLOmw7ehKk5P8SGyZXw7QkUTY+U=
github.com/jpanther/congo/v2 v2.5.3/go.mod h1:1S7DRoO1ZYS4YUdFd1LjTkdyjQwsjFWd8TqSfz3Jd+M=
github.com/jpanther/congo/v2 v2.5.4 h1:6SLJ5y1hXs2eu4Ce8HBT5YLLbnu0GE+CZ686p/2jRFw=
github.com/jpanther/congo/v2 v2.5.4/go.mod h1:1S7DRoO1ZYS4YUdFd1LjTkdyjQwsjFWd8TqSfz3Jd+M=
github.com/jpanther/congo/v2 v2.6.0 h1:0AS0YKxEdqiAxzE4dUm9aSzVTOGIZW5GzD5syOWmsKw=
github.com/jpanther/congo/v2 v2.6.0/go.mod h1:1S7DRoO1ZYS4YUdFd1LjTkdyjQwsjFWd8TqSfz3Jd+M=
github.com/jpanther/congo/v2 v2.6.1 h1:iA8uosVsiMl3JbBSBwMvrxEibzBcDp+RIj18f/cmlDs=
github.com/jpanther/congo/v2 v2.6.1/go.mod h1:1S7DRoO1ZYS4YUdFd1LjTkdyjQwsjFWd8TqSfz3Jd+M=
